
Microsoft Visual Studio Solution File, Format Version 12.00
# Visual Studio 15
VisualStudioVersion = 15.0.28307.329
MinimumVisualStudioVersion = 10.0.40219.1
Project("{FAE04EC0-301F-11D3-BF4B-00C04F79EFBC}") = "AniGamerDownloader", "AniGamer\AniGamerDownloader.csproj", "{EFCE3B07-A6E8-4F92-AE2B-93708959FC9B}"
EndProject
Global
	GlobalSection(SolutionConfigurationPlatforms) = preSolution
		Debug|Any CPU = Debug|Any CPU
		Release|Any CPU = Release|Any CPU
	EndGlobalSection
	GlobalSection(ProjectConfigurationPlatforms) = postSolution
		{EFCE3B07-A6E8-4F92-AE2B-93708959FC9B}.Debug|Any CPU.ActiveCfg = Debug|Any CPU
		{EFCE3B07-A6E8-4F92-AE2B-93708959FC9B}.Debug|Any CPU.Build.0 = Debug|Any CPU
		{EFCE3B07-A6E8-4F92-AE2B-93708959FC9B}.Release|Any CPU.ActiveCfg = Release|Any CPU
		{EFCE3B07-A6E8-4F92-AE2B-93708959FC9B}.Release|Any CPU.Build.0 = Release|Any CPU
	EndGlobalSection
	GlobalSection(SolutionProperties) = preSolution
		HideSolutionNode = FALSE
	EndGlobalSection
	GlobalSection(ExtensibilityGlobals) = postSolution
		SolutionGuid = {88F4FF79-AC3C-46CE-9A52-4DAF7E17749D}
	EndGlobalSection
EndGlobal
